
Microsoft Visual Studio Solution File, Format Version 12.00
# Visual Studio 15
VisualStudioVersion = 15.0.28307.902
MinimumVisualStudioVersion = 10.0.40219.1
Project("{FAE04EC0-301F-11D3-BF4B-00C04F79EFBC}") = "ADBTeam01_DB4O", "ADBTeam01_DB4O.csproj", "{221CAA71-F3EE-4E2B-8C1C-B621AC6A8CDB}"
EndProject
Global
	GlobalSection(SolutionConfigurationPlatforms) = preSolution
		Debug|Any CPU = Debug|Any CPU
		Release|Any CPU = Release|Any CPU
	EndGlobalSection
	GlobalSection(ProjectConfigurationPlatforms) = postSolution
		{221CAA71-F3EE-4E2B-8C1C-B621AC6A8CDB}.Debug|Any CPU.ActiveCfg = Debug|Any CPU
		{221CAA71-F3EE-4E2B-8C1C-B621AC6A8CDB}.Debug|Any CPU.Build.0 = Debug|Any CPU
		{221CAA71-F3EE-4E2B-8C1C-B621AC6A8CDB}.Release|Any CPU.ActiveCfg = Release|Any CPU
		{221CAA71-F3EE-4E2B-8C1C-B621AC6A8CDB}.Release|Any CPU.Build.0 = Release|Any CPU
	EndGlobalSection
	GlobalSection(SolutionProperties) = preSolution
		HideSolutionNode = FALSE
	EndGlobalSection
	GlobalSection(ExtensibilityGlobals) = postSolution
		SolutionGuid = {7F910DA4-A2BE-411A-ABFC-0AA06892DC7B}
	EndGlobalSection
EndGlobal
